# This file is autogenerated, do not edit; changes may be undone by the next 'dep ensure'.


[[projects]]
  digest = "1:73dfedbcb6b348638ef0066766a9e7d8f6cfc5cfcb3a8e00ceb631a4bca73cf1"
  name = "github.com/client9/misspell"
  packages = ["."]
  pruneopts = "UT"
  revision = "b90dc15cfd220ecf8bbc9043ecb928cef381f011"
  version = "v0.3.4"

[[projects]]
  digest = "1:0aeda02073125667ac6c9df50c7921cb22c08a4accdc54589c697a7e76be65c2"
  name = "github.com/google/go-cmp"
  packages = [
    "cmp",
    "cmp/internal/diff",
    "cmp/internal/flags",
    "cmp/internal/function",
    "cmp/internal/value",
  ]
  pruneopts = "UT"
  revision = "5a6f75716e1203a923a78c9efb94089d857df0f6"
  version = "v0.4.0"

[[projects]]
  branch = "master"
  digest = "1:1561d3f382a9923816f744264e5ad200a94486328d39216c981e981ab4aba17f"
  name = "github.com/karrick/godirwalk"
  packages = ["."]
  pruneopts = "UT"
  revision = "99bb3743ba1bdd193cd193bcc0aeced2dd577c4d"

[[projects]]
  branch = "master"
  digest = "1:ffcc3e815eeb6beec4afaff6c66e5c13848671ec4da220353457aa24803e5517"
  name = "github.com/quasilyte/regex"
  packages = ["syntax"]
  pruneopts = "UT"
  revision = "497963207d1f63c29da8a8b4fb25e80c236e00be"

[solve-meta]
  analyzer-name = "dep"
  analyzer-version = 1
  input-imports = [
    "github.com/client9/misspell",
    "github.com/google/go-cmp/cmp",
    "github.com/karrick/godirwalk",
    "github.com/quasilyte/regex/syntax",
  ]
  solver-name = "gps-cdcl"
  solver-version = 1
