# This file is autogenerated, do not edit; changes may be undone by the next 'dep ensure'.


[[projects]]
  branch = "master"
  name = "github.com/cznic/golex"
  packages = ["lex"]
  revision = "4ab7c5e190e49208c823ce8ec803aa39e6a4b31a"

[[projects]]
  name = "github.com/z7zmey/php-parser"
  packages = [
    "comment",
    "errors",
    "node",
    "node/expr",
    "node/expr/assign",
    "node/expr/binary",
    "node/expr/cast",
    "node/name",
    "node/scalar",
    "node/stmt",
    "php7",
    "position",
    "printer",
    "scanner",
    "token",
    "walker"
  ]
  revision = "d67d45948ac16e5b455dd65963fc403299f38936"

[[projects]]
  name = "golang.org/x/text"
  packages = [
    "encoding",
    "encoding/charmap",
    "encoding/internal",
    "encoding/internal/identifier",
    "internal/gen",
    "transform",
    "unicode/cldr"
  ]
  revision = "f21a4dfb5e38f5895301dc265a8def02365cc3d0"
  version = "v0.3.0"

[solve-meta]
  analyzer-name = "dep"
  analyzer-version = 1
  inputs-digest = "f8a2104a268871151de086a98cb494387e4af939d9d58446af120e088df20606"
  solver-name = "gps-cdcl"
  solver-version = 1
